
Microsoft Visual Studio Solution File, Format Version 12.00
# Visual Studio 15
VisualStudioVersion = 15.0.27130.2027
MinimumVisualStudioVersion = 10.0.40219.1
Project("{9A19103F-16F7-4668-BE54-9A1E7A4F7556}") = "TonNurako", "TonNurako\TonNurako.csproj", "{936E32EA-D5CB-41B5-B75A-A282DB26CC1C}"
EndProject
Project("{FAE04EC0-301F-11D3-BF4B-00C04F79EFBC}") = "Widgets", "demo\Widgets\Widgets.csproj", "{279FD94E-FFFD-47AC-ADD0-97383D8FDE31}"
EndProject
Project("{FAE04EC0-301F-11D3-BF4B-00C04F79EFBC}") = "Simple", "demo\Simple\Simple.csproj", "{54A195C3-5039-4D8E-B6E4-998D6403A139}"
EndProject
Project("{2150E333-8FDC-42A3-9474-1A3956D46DE8}") = "Demo", "Demo", "{48328CD0-644C-4348-A2F9-C8AF29EC56A2}"
EndProject
Project("{FAE04EC0-301F-11D3-BF4B-00C04F79EFBC}") = "Xlib", "demo\Xlib\Xlib.csproj", "{742983B9-EFCB-42D7-9EC2-C0DC3F498508}"
EndProject
Project("{FAE04EC0-301F-11D3-BF4B-00C04F79EFBC}") = "XShape", "demo\XShape\XShape.csproj", "{0164766E-5718-4107-946B-6508F7F5F1F2}"
EndProject
Project("{FAE04EC0-301F-11D3-BF4B-00C04F79EFBC}") = "XRender", "demo\XRender\XRender.csproj", "{41E2C168-6C9E-4C0C-A3C5-09C2560045E9}"
EndProject
Project("{FAE04EC0-301F-11D3-BF4B-00C04F79EFBC}") = "Xt", "demo\Xt\Xt.csproj", "{E73A8138-5164-49E6-82ED-09B646CB4B72}"
EndProject
Project("{FAE04EC0-301F-11D3-BF4B-00C04F79EFBC}") = "Xft", "demo\Xft\Xft.csproj", "{34665EA7-E15B-4FBE-BF48-E17BA74646F4}"
EndProject
Global
	GlobalSection(SolutionConfigurationPlatforms) = preSolution
		Debug|Any CPU = Debug|Any CPU
		Debug|x64 = Debug|x64
		Debug|x86 = Debug|x86
		Release|Any CPU = Release|Any CPU
		Release|x64 = Release|x64
		Release|x86 = Release|x86
	EndGlobalSection
	GlobalSection(ProjectConfigurationPlatforms) = postSolution
		{936E32EA-D5CB-41B5-B75A-A282DB26CC1C}.Debug|Any CPU.ActiveCfg = Debug|Any CPU
		{936E32EA-D5CB-41B5-B75A-A282DB26CC1C}.Debug|Any CPU.Build.0 = Debug|Any CPU
		{936E32EA-D5CB-41B5-B75A-A282DB26CC1C}.Debug|x64.ActiveCfg = Debug|Any CPU
		{936E32EA-D5CB-41B5-B75A-A282DB26CC1C}.Debug|x64.Build.0 = Debug|Any CPU
		{936E32EA-D5CB-41B5-B75A-A282DB26CC1C}.Debug|x86.ActiveCfg = Debug|Any CPU
		{936E32EA-D5CB-41B5-B75A-A282DB26CC1C}.Debug|x86.Build.0 = Debug|Any CPU
		{936E32EA-D5CB-41B5-B75A-A282DB26CC1C}.Release|Any CPU.ActiveCfg = Release|Any CPU
		{936E32EA-D5CB-41B5-B75A-A282DB26CC1C}.Release|Any CPU.Build.0 = Release|Any CPU
		{936E32EA-D5CB-41B5-B75A-A282DB26CC1C}.Release|x64.ActiveCfg = Release|Any CPU
		{936E32EA-D5CB-41B5-B75A-A282DB26CC1C}.Release|x64.Build.0 = Release|Any CPU
		{936E32EA-D5CB-41B5-B75A-A282DB26CC1C}.Release|x86.ActiveCfg = Release|Any CPU
		{936E32EA-D5CB-41B5-B75A-A282DB26CC1C}.Release|x86.Build.0 = Release|Any CPU
		{279FD94E-FFFD-47AC-ADD0-97383D8FDE31}.Debug|Any CPU.ActiveCfg = Debug|Any CPU
		{279FD94E-FFFD-47AC-ADD0-97383D8FDE31}.Debug|Any CPU.Build.0 = Debug|Any CPU
		{279FD94E-FFFD-47AC-ADD0-97383D8FDE31}.Debug|x64.ActiveCfg = Debug|Any CPU
		{279FD94E-FFFD-47AC-ADD0-97383D8FDE31}.Debug|x64.Build.0 = Debug|Any CPU
		{279FD94E-FFFD-47AC-ADD0-97383D8FDE31}.Debug|x86.ActiveCfg = Debug|Any CPU
		{279FD94E-FFFD-47AC-ADD0-97383D8FDE31}.Debug|x86.Build.0 = Debug|Any CPU
		{279FD94E-FFFD-47AC-ADD0-97383D8FDE31}.Release|Any CPU.ActiveCfg = Release|Any CPU
		{279FD94E-FFFD-47AC-ADD0-97383D8FDE31}.Release|Any CPU.Build.0 = Release|Any CPU
		{279FD94E-FFFD-47AC-ADD0-97383D8FDE31}.Release|x64.ActiveCfg = Release|Any CPU
		{279FD94E-FFFD-47AC-ADD0-97383D8FDE31}.Release|x64.Build.0 = Release|Any CPU
		{279FD94E-FFFD-47AC-ADD0-97383D8FDE31}.Release|x86.ActiveCfg = Release|Any CPU
		{279FD94E-FFFD-47AC-ADD0-97383D8FDE31}.Release|x86.Build.0 = Release|Any CPU
		{54A195C3-5039-4D8E-B6E4-998D6403A139}.Debug|Any CPU.ActiveCfg = Debug|Any CPU
		{54A195C3-5039-4D8E-B6E4-998D6403A139}.Debug|Any CPU.Build.0 = Debug|Any CPU
		{54A195C3-5039-4D8E-B6E4-998D6403A139}.Debug|x64.ActiveCfg = Debug|Any CPU
		{54A195C3-5039-4D8E-B6E4-998D6403A139}.Debug|x64.Build.0 = Debug|Any CPU
		{54A195C3-5039-4D8E-B6E4-998D6403A139}.Debug|x86.ActiveCfg = Debug|Any CPU
		{54A195C3-5039-4D8E-B6E4-998D6403A139}.Debug|x86.Build.0 = Debug|Any CPU
		{54A195C3-5039-4D8E-B6E4-998D6403A139}.Release|Any CPU.ActiveCfg = Release|Any CPU
		{54A195C3-5039-4D8E-B6E4-998D6403A139}.Release|Any CPU.Build.0 = Release|Any CPU
		{54A195C3-5039-4D8E-B6E4-998D6403A139}.Release|x64.ActiveCfg = Release|Any CPU
		{54A195C3-5039-4D8E-B6E4-998D6403A139}.Release|x64.Build.0 = Release|Any CPU
		{54A195C3-5039-4D8E-B6E4-998D6403A139}.Release|x86.ActiveCfg = Release|Any CPU
		{54A195C3-5039-4D8E-B6E4-998D6403A139}.Release|x86.Build.0 = Release|Any CPU
		{742983B9-EFCB-42D7-9EC2-C0DC3F498508}.Debug|Any CPU.ActiveCfg = Debug|Any CPU
		{742983B9-EFCB-42D7-9EC2-C0DC3F498508}.Debug|Any CPU.Build.0 = Debug|Any CPU
		{742983B9-EFCB-42D7-9EC2-C0DC3F498508}.Debug|x64.ActiveCfg = Debug|Any CPU
		{742983B9-EFCB-42D7-9EC2-C0DC3F498508}.Debug|x64.Build.0 = Debug|Any CPU
		{742983B9-EFCB-42D7-9EC2-C0DC3F498508}.Debug|x86.ActiveCfg = Debug|Any CPU
		{742983B9-EFCB-42D7-9EC2-C0DC3F498508}.Debug|x86.Build.0 = Debug|Any CPU
		{742983B9-EFCB-42D7-9EC2-C0DC3F498508}.Release|Any CPU.ActiveCfg = Release|Any CPU
		{742983B9-EFCB-42D7-9EC2-C0DC3F498508}.Release|Any CPU.Build.0 = Release|Any CPU
		{742983B9-EFCB-42D7-9EC2-C0DC3F498508}.Release|x64.ActiveCfg = Release|Any CPU
		{742983B9-EFCB-42D7-9EC2-C0DC3F498508}.Release|x64.Build.0 = Release|Any CPU
		{742983B9-EFCB-42D7-9EC2-C0DC3F498508}.Release|x86.ActiveCfg = Release|Any CPU
		{742983B9-EFCB-42D7-9EC2-C0DC3F498508}.Release|x86.Build.0 = Release|Any CPU
		{0164766E-5718-4107-946B-6508F7F5F1F2}.Debug|Any CPU.ActiveCfg = Debug|Any CPU
		{0164766E-5718-4107-946B-6508F7F5F1F2}.Debug|Any CPU.Build.0 = Debug|Any CPU
		{0164766E-5718-4107-946B-6508F7F5F1F2}.Debug|x64.ActiveCfg = Debug|Any CPU
		{0164766E-5718-4107-946B-6508F7F5F1F2}.Debug|x64.Build.0 = Debug|Any CPU
		{0164766E-5718-4107-946B-6508F7F5F1F2}.Debug|x86.ActiveCfg = Debug|Any CPU
		{0164766E-5718-4107-946B-6508F7F5F1F2}.Debug|x86.Build.0 = Debug|Any CPU
		{0164766E-5718-4107-946B-6508F7F5F1F2}.Release|Any CPU.ActiveCfg = Release|Any CPU
		{0164766E-5718-4107-946B-6508F7F5F1F2}.Release|Any CPU.Build.0 = Release|Any CPU
		{0164766E-5718-4107-946B-6508F7F5F1F2}.Release|x64.ActiveCfg = Release|Any CPU
		{0164766E-5718-4107-946B-6508F7F5F1F2}.Release|x64.Build.0 = Release|Any CPU
		{0164766E-5718-4107-946B-6508F7F5F1F2}.Release|x86.ActiveCfg = Release|Any CPU
		{0164766E-5718-4107-946B-6508F7F5F1F2}.Release|x86.Build.0 = Release|Any CPU
		{41E2C168-6C9E-4C0C-A3C5-09C2560045E9}.Debug|Any CPU.ActiveCfg = Debug|Any CPU
		{41E2C168-6C9E-4C0C-A3C5-09C2560045E9}.Debug|Any CPU.Build.0 = Debug|Any CPU
		{41E2C168-6C9E-4C0C-A3C5-09C2560045E9}.Debug|x64.ActiveCfg = Debug|Any CPU
		{41E2C168-6C9E-4C0C-A3C5-09C2560045E9}.Debug|x64.Build.0 = Debug|Any CPU
		{41E2C168-6C9E-4C0C-A3C5-09C2560045E9}.Debug|x86.ActiveCfg = Debug|Any CPU
		{41E2C168-6C9E-4C0C-A3C5-09C2560045E9}.Debug|x86.Build.0 = Debug|Any CPU
		{41E2C168-6C9E-4C0C-A3C5-09C2560045E9}.Release|Any CPU.ActiveCfg = Release|Any CPU
		{41E2C168-6C9E-4C0C-A3C5-09C2560045E9}.Release|Any CPU.Build.0 = Release|Any CPU
		{41E2C168-6C9E-4C0C-A3C5-09C2560045E9}.Release|x64.ActiveCfg = Release|Any CPU
		{41E2C168-6C9E-4C0C-A3C5-09C2560045E9}.Release|x64.Build.0 = Release|Any CPU
		{41E2C168-6C9E-4C0C-A3C5-09C2560045E9}.Release|x86.ActiveCfg = Release|Any CPU
		{41E2C168-6C9E-4C0C-A3C5-09C2560045E9}.Release|x86.Build.0 = Release|Any CPU
		{E73A8138-5164-49E6-82ED-09B646CB4B72}.Debug|Any CPU.ActiveCfg = Debug|Any CPU
		{E73A8138-5164-49E6-82ED-09B646CB4B72}.Debug|Any CPU.Build.0 = Debug|Any CPU
		{E73A8138-5164-49E6-82ED-09B646CB4B72}.Debug|x64.ActiveCfg = Debug|Any CPU
		{E73A8138-5164-49E6-82ED-09B646CB4B72}.Debug|x64.Build.0 = Debug|Any CPU
		{E73A8138-5164-49E6-82ED-09B646CB4B72}.Debug|x86.ActiveCfg = Debug|Any CPU
		{E73A8138-5164-49E6-82ED-09B646CB4B72}.Debug|x86.Build.0 = Debug|Any CPU
		{E73A8138-5164-49E6-82ED-09B646CB4B72}.Release|Any CPU.ActiveCfg = Release|Any CPU
		{E73A8138-5164-49E6-82ED-09B646CB4B72}.Release|Any CPU.Build.0 = Release|Any CPU
		{E73A8138-5164-49E6-82ED-09B646CB4B72}.Release|x64.ActiveCfg = Release|Any CPU
		{E73A8138-5164-49E6-82ED-09B646CB4B72}.Release|x64.Build.0 = Release|Any CPU
		{E73A8138-5164-49E6-82ED-09B646CB4B72}.Release|x86.ActiveCfg = Release|Any CPU
		{E73A8138-5164-49E6-82ED-09B646CB4B72}.Release|x86.Build.0 = Release|Any CPU
		{34665EA7-E15B-4FBE-BF48-E17BA74646F4}.Debug|Any CPU.ActiveCfg = Debug|Any CPU
		{34665EA7-E15B-4FBE-BF48-E17BA74646F4}.Debug|Any CPU.Build.0 = Debug|Any CPU
		{34665EA7-E15B-4FBE-BF48-E17BA74646F4}.Debug|x64.ActiveCfg = Debug|Any CPU
		{34665EA7-E15B-4FBE-BF48-E17BA74646F4}.Debug|x64.Build.0 = Debug|Any CPU
		{34665EA7-E15B-4FBE-BF48-E17BA74646F4}.Debug|x86.ActiveCfg = Debug|Any CPU
		{34665EA7-E15B-4FBE-BF48-E17BA74646F4}.Debug|x86.Build.0 = Debug|Any CPU
		{34665EA7-E15B-4FBE-BF48-E17BA74646F4}.Release|Any CPU.ActiveCfg = Release|Any CPU
		{34665EA7-E15B-4FBE-BF48-E17BA74646F4}.Release|Any CPU.Build.0 = Release|Any CPU
		{34665EA7-E15B-4FBE-BF48-E17BA74646F4}.Release|x64.ActiveCfg = Release|Any CPU
		{34665EA7-E15B-4FBE-BF48-E17BA74646F4}.Release|x64.Build.0 = Release|Any CPU
		{34665EA7-E15B-4FBE-BF48-E17BA74646F4}.Release|x86.ActiveCfg = Release|Any CPU
		{34665EA7-E15B-4FBE-BF48-E17BA74646F4}.Release|x86.Build.0 = Release|Any CPU
	EndGlobalSection
	GlobalSection(SolutionProperties) = preSolution
		HideSolutionNode = FALSE
	EndGlobalSection
	GlobalSection(NestedProjects) = preSolution
		{279FD94E-FFFD-47AC-ADD0-97383D8FDE31} = {48328CD0-644C-4348-A2F9-C8AF29EC56A2}
		{54A195C3-5039-4D8E-B6E4-998D6403A139} = {48328CD0-644C-4348-A2F9-C8AF29EC56A2}
		{742983B9-EFCB-42D7-9EC2-C0DC3F498508} = {48328CD0-644C-4348-A2F9-C8AF29EC56A2}
		{0164766E-5718-4107-946B-6508F7F5F1F2} = {48328CD0-644C-4348-A2F9-C8AF29EC56A2}
		{41E2C168-6C9E-4C0C-A3C5-09C2560045E9} = {48328CD0-644C-4348-A2F9-C8AF29EC56A2}
		{E73A8138-5164-49E6-82ED-09B646CB4B72} = {48328CD0-644C-4348-A2F9-C8AF29EC56A2}
		{34665EA7-E15B-4FBE-BF48-E17BA74646F4} = {48328CD0-644C-4348-A2F9-C8AF29EC56A2}
	EndGlobalSection
	GlobalSection(ExtensibilityGlobals) = postSolution
		SolutionGuid = {3A462159-A124-4902-8AA7-0976BFD9816B}
	EndGlobalSection
EndGlobal
