
Microsoft Visual Studio Solution File, Format Version 12.00
# Visual Studio 15
VisualStudioVersion = 15.0.27130.2027
MinimumVisualStudioVersion = 10.0.40219.1
Project("{9A19103F-16F7-4668-BE54-9A1E7A4F7556}") = "TonNurako.NET2_0", "..\TonNurako\TonNurako.NET2_0.csproj", "{A88E0180-D47F-4963-B64D-4C701C20AE92}"
EndProject
Global
	GlobalSection(SolutionConfigurationPlatforms) = preSolution
		Debug.NET2_0|Any CPU = Debug.NET2_0|Any CPU
		Release.NET2_0|Any CPU = Release.NET2_0|Any CPU
	EndGlobalSection
	GlobalSection(ProjectConfigurationPlatforms) = postSolution
		{A88E0180-D47F-4963-B64D-4C701C20AE92}.Debug.NET2_0|Any CPU.ActiveCfg = Debug.NET2_0|Any CPU
		{A88E0180-D47F-4963-B64D-4C701C20AE92}.Debug.NET2_0|Any CPU.Build.0 = Debug.NET2_0|Any CPU
		{A88E0180-D47F-4963-B64D-4C701C20AE92}.Release.NET2_0|Any CPU.ActiveCfg = Release.NET2_0|Any CPU
		{A88E0180-D47F-4963-B64D-4C701C20AE92}.Release.NET2_0|Any CPU.Build.0 = Release.NET2_0|Any CPU
	EndGlobalSection
	GlobalSection(SolutionProperties) = preSolution
		HideSolutionNode = FALSE
	EndGlobalSection
	GlobalSection(ExtensibilityGlobals) = postSolution
		SolutionGuid = {63EBE536-D30E-4A4B-B15E-0E6F3D01106E}
	EndGlobalSection
EndGlobal
