
Microsoft Visual Studio Solution File, Format Version 12.00
# Visual Studio 15
VisualStudioVersion = 15.0.27004.2006
MinimumVisualStudioVersion = 10.0.40219.1
Project("{FAE04EC0-301F-11D3-BF4B-00C04F79EFBC}") = "TonNurakoTest", "TonNurakoTest\TonNurakoTest.csproj", "{52F1B124-700F-46F3-9AEF-08CA9A8C9ED6}"
	ProjectSection(ProjectDependencies) = postProject
		{936E32EA-D5CB-41B5-B75A-A282DB26CC1C} = {936E32EA-D5CB-41B5-B75A-A282DB26CC1C}
	EndProjectSection
EndProject
Project("{FAE04EC0-301F-11D3-BF4B-00C04F79EFBC}") = "TonNurako", "..\TonNurako.csproj", "{936E32EA-D5CB-41B5-B75A-A282DB26CC1C}"
EndProject
Global
	GlobalSection(SolutionConfigurationPlatforms) = preSolution
		Debug|Any CPU = Debug|Any CPU
		Release|Any CPU = Release|Any CPU
	EndGlobalSection
	GlobalSection(ProjectConfigurationPlatforms) = postSolution
		{52F1B124-700F-46F3-9AEF-08CA9A8C9ED6}.Debug|Any CPU.ActiveCfg = Debug|Any CPU
		{52F1B124-700F-46F3-9AEF-08CA9A8C9ED6}.Debug|Any CPU.Build.0 = Debug|Any CPU
		{52F1B124-700F-46F3-9AEF-08CA9A8C9ED6}.Release|Any CPU.ActiveCfg = Release|Any CPU
		{52F1B124-700F-46F3-9AEF-08CA9A8C9ED6}.Release|Any CPU.Build.0 = Release|Any CPU
		{936E32EA-D5CB-41B5-B75A-A282DB26CC1C}.Debug|Any CPU.ActiveCfg = Debug|Any CPU
		{936E32EA-D5CB-41B5-B75A-A282DB26CC1C}.Debug|Any CPU.Build.0 = Debug|Any CPU
		{936E32EA-D5CB-41B5-B75A-A282DB26CC1C}.Release|Any CPU.ActiveCfg = Release|Any CPU
		{936E32EA-D5CB-41B5-B75A-A282DB26CC1C}.Release|Any CPU.Build.0 = Release|Any CPU
	EndGlobalSection
	GlobalSection(SolutionProperties) = preSolution
		HideSolutionNode = FALSE
	EndGlobalSection
	GlobalSection(ExtensibilityGlobals) = postSolution
		SolutionGuid = {66B8742E-5717-49C8-9189-5E6D89350F63}
	EndGlobalSection
EndGlobal
